
Microsoft Visual Studio Solution File, Format Version 12.00
# Visual Studio Version 16
VisualStudioVersion = 16.0.29709.97
MinimumVisualStudioVersion = 10.0.40219.1
Project("{8BC9CEB8-8B4A-11D0-8D11-00A0C91BC942}") = "Practice", "Practice.vcxproj", "{BBC80343-DA03-4A77-A1DC-3417B3BC9634}"
EndProject
Global
	GlobalSection(SolutionConfigurationPlatforms) = preSolution
		Debug|x64 = Debug|x64
		Debug|x86 = Debug|x86
		Release|x64 = Release|x64
		Release|x86 = Release|x86
	EndGlobalSection
	GlobalSection(ProjectConfigurationPlatforms) = postSolution
		{BBC80343-DA03-4A77-A1DC-3417B3BC9634}.Debug|x64.ActiveCfg = Debug|x64
		{BBC80343-DA03-4A77-A1DC-3417B3BC9634}.Debug|x64.Build.0 = Debug|x64
		{BBC80343-DA03-4A77-A1DC-3417B3BC9634}.Debug|x86.ActiveCfg = Debug|Win32
		{BBC80343-DA03-4A77-A1DC-3417B3BC9634}.Debug|x86.Build.0 = Debug|Win32
		{BBC80343-DA03-4A77-A1DC-3417B3BC9634}.Release|x64.ActiveCfg = Release|x64
		{BBC80343-DA03-4A77-A1DC-3417B3BC9634}.Release|x64.Build.0 = Release|x64
		{BBC80343-DA03-4A77-A1DC-3417B3BC9634}.Release|x86.ActiveCfg = Release|Win32
		{BBC80343-DA03-4A77-A1DC-3417B3BC9634}.Release|x86.Build.0 = Release|Win32
	EndGlobalSection
	GlobalSection(SolutionProperties) = preSolution
		HideSolutionNode = FALSE
	EndGlobalSection
	GlobalSection(ExtensibilityGlobals) = postSolution
		SolutionGuid = {ABFA00C3-5CB2-4266-B704-D24CB7C0DEEB}
	EndGlobalSection
EndGlobal
